<?xml version="1.0" encoding="utf-8"?>
<Project ToolsVersion="4.0" xmlns="http://schemas.microsoft.com/developer/msbuild/2003">
  <ItemGroup>
    <ClCompile Include="src\Sandbox.cpp" />
  </ItemGroup>
  <ItemGroup>
    <None Include="shaders\.frag" />
    <None Include="shaders\.frag.spv" />
    <None Include="shaders\.vert" />
    <None Include="shaders\.vert.spv" />
  </ItemGroup>
</Project>