<?xml version="1.0" encoding="utf-8"?>
<Project ToolsVersion="4.0" xmlns="http://schemas.microsoft.com/developer/msbuild/2003">
  <ItemGroup>
    <ClInclude Include="src\Cliffine.hpp" />
    <ClInclude Include="src\Core\App.hpp" />
    <ClInclude Include="src\Core\Window.hpp" />
    <ClInclude Include="src\Core\Log.hpp" />
    <ClInclude Include="src\Core\Entry.hpp" />
    <ClInclude Include="src\Core\Device.hpp" />
    <ClInclude Include="src\Core\Swapchain.hpp" />
    <ClInclude Include="src\Core\Pipeline.hpp" />
    <ClInclude Include="src\Core\Renderer.hpp" />
    <ClInclude Include="src\Core\VertexLayout.hpp" />
    <ClInclude Include="src\Core\Model.hpp" />
  </ItemGroup>
  <ItemGroup>
    <None Include="src\shaders\simple.vert" />
    <None Include="src\shaders\simple.frag" />
    <None Include="src\shaders\simple.frag.spv" />
    <None Include="src\shaders\simple.vert.spv" />
    <None Include="shaders\simple.frag" />
    <None Include="shaders\simple.frag.spv" />
    <None Include="shaders\simple.vert" />
    <None Include="shaders\simple.vert.spv" />
  </ItemGroup>
  <ItemGroup>
    <ClCompile Include="src\Core\Log.cpp" />
    <ClCompile Include="src\Core\App.cpp" />
    <ClCompile Include="src\Core\Window.cpp" />
    <ClCompile Include="src\Core\Core.hpp" />
    <ClCompile Include="src\Core\Device.cpp" />
    <ClCompile Include="src\Core\Swapchain.cpp" />
    <ClCompile Include="src\Core\Pipeline.cpp" />
    <ClCompile Include="src\Core\Renderer.cpp" />
    <ClCompile Include="src\Core\VertexLayout.cpp" />
    <ClCompile Include="src\Core\Model.cpp" />
  </ItemGroup>
</Project>